
Microsoft Visual Studio Solution File, Format Version 12.00
# Visual Studio 15
VisualStudioVersion = 15.0.28307.421
MinimumVisualStudioVersion = 10.0.40219.1
Project("{FAE04EC0-301F-11D3-BF4B-00C04F79EFBC}") = "2010100009-web", "2010100009-web\2010100009-web.csproj", "{42D29B30-F5E6-4579-9D18-3E41A361FEF1}"
EndProject
Global
	GlobalSection(SolutionConfigurationPlatforms) = preSolution
		Debug|Any CPU = Debug|Any CPU
		Release|Any CPU = Release|Any CPU
	EndGlobalSection
	GlobalSection(ProjectConfigurationPlatforms) = postSolution
		{42D29B30-F5E6-4579-9D18-3E41A361FEF1}.Debug|Any CPU.ActiveCfg = Debug|Any CPU
		{42D29B30-F5E6-4579-9D18-3E41A361FEF1}.Debug|Any CPU.Build.0 = Debug|Any CPU
		{42D29B30-F5E6-4579-9D18-3E41A361FEF1}.Release|Any CPU.ActiveCfg = Release|Any CPU
		{42D29B30-F5E6-4579-9D18-3E41A361FEF1}.Release|Any CPU.Build.0 = Release|Any CPU
	EndGlobalSection
	GlobalSection(SolutionProperties) = preSolution
		HideSolutionNode = FALSE
	EndGlobalSection
	GlobalSection(ExtensibilityGlobals) = postSolution
		SolutionGuid = {0E4BA250-D321-4E09-9B87-B722B523CFB7}
	EndGlobalSection
EndGlobal
